
Microsoft Visual Studio Solution File, Format Version 12.00
# Visual Studio Version 17
VisualStudioVersion = 17.14.36623.8 d17.14
MinimumVisualStudioVersion = 10.0.40219.1
Project("{FAE04EC0-301F-11D3-BF4B-00C04F79EFBC}") = "ConferenceRooms", "ConferenceRooms\ConferenceRooms.csproj", "{EE459D2E-7F7D-4342-9713-08EC9EC492BE}"
EndProject
Global
	GlobalSection(SolutionConfigurationPlatforms) = preSolution
		Debug|Any CPU = Debug|Any CPU
		Release|Any CPU = Release|Any CPU
	EndGlobalSection
	GlobalSection(ProjectConfigurationPlatforms) = postSolution
		{EE459D2E-7F7D-4342-9713-08EC9EC492BE}.Debug|Any CPU.ActiveCfg = Debug|Any CPU
		{EE459D2E-7F7D-4342-9713-08EC9EC492BE}.Debug|Any CPU.Build.0 = Debug|Any CPU
		{EE459D2E-7F7D-4342-9713-08EC9EC492BE}.Release|Any CPU.ActiveCfg = Release|Any CPU
		{EE459D2E-7F7D-4342-9713-08EC9EC492BE}.Release|Any CPU.Build.0 = Release|Any CPU
	EndGlobalSection
	GlobalSection(SolutionProperties) = preSolution
		HideSolutionNode = FALSE
	EndGlobalSection
	GlobalSection(ExtensibilityGlobals) = postSolution
		SolutionGuid = {FCDB6E66-6A9F-4831-9710-C584A28803D8}
	EndGlobalSection
EndGlobal
